
Microsoft Visual Studio Solution File, Format Version 12.00
# Visual Studio Version 17
VisualStudioVersion = 17.3.32922.545
MinimumVisualStudioVersion = 10.0.40219.1
Project("{FAE04EC0-301F-11D3-BF4B-00C04F79EFBC}") = "Proyecto recursos humanos", "Proyecto recursos humanos\Proyecto recursos humanos.csproj", "{9B4072E2-F7AC-43ED-90F4-AEA32F043406}"
EndProject
Global
	GlobalSection(SolutionConfigurationPlatforms) = preSolution
		Debug|Any CPU = Debug|Any CPU
		Release|Any CPU = Release|Any CPU
	EndGlobalSection
	GlobalSection(ProjectConfigurationPlatforms) = postSolution
		{9B4072E2-F7AC-43ED-90F4-AEA32F043406}.Debug|Any CPU.ActiveCfg = Debug|Any CPU
		{9B4072E2-F7AC-43ED-90F4-AEA32F043406}.Debug|Any CPU.Build.0 = Debug|Any CPU
		{9B4072E2-F7AC-43ED-90F4-AEA32F043406}.Release|Any CPU.ActiveCfg = Release|Any CPU
		{9B4072E2-F7AC-43ED-90F4-AEA32F043406}.Release|Any CPU.Build.0 = Release|Any CPU
	EndGlobalSection
	GlobalSection(SolutionProperties) = preSolution
		HideSolutionNode = FALSE
	EndGlobalSection
	GlobalSection(ExtensibilityGlobals) = postSolution
		SolutionGuid = {963E99D0-C9A1-4209-BC86-5FAA93AC7035}
	EndGlobalSection
EndGlobal
